
Microsoft Visual Studio Solution File, Format Version 12.00
# Visual Studio 2012
Project("{FAE04EC0-301F-11D3-BF4B-00C04F79EFBC}") = "PackObjects_1", "PackObjects\PackObjects_1.csproj", "{F2E4084F-3A4F-4A11-B6F7-1A544A3DF796}"
EndProject
Project("{FAE04EC0-301F-11D3-BF4B-00C04F79EFBC}") = "Struct_contructors", "Struct_contructors\Struct_contructors.csproj", "{2C3DBDB2-81AC-49BC-B77C-ED3958E18C39}"
EndProject
Global
	GlobalSection(SolutionConfigurationPlatforms) = preSolution
		Debug|Any CPU = Debug|Any CPU
		Debug|Mixed Platforms = Debug|Mixed Platforms
		Debug|x86 = Debug|x86
		Release|Any CPU = Release|Any CPU
		Release|Mixed Platforms = Release|Mixed Platforms
		Release|x86 = Release|x86
	EndGlobalSection
	GlobalSection(ProjectConfigurationPlatforms) = postSolution
		{F2E4084F-3A4F-4A11-B6F7-1A544A3DF796}.Debug|Any CPU.ActiveCfg = Debug|x86
		{F2E4084F-3A4F-4A11-B6F7-1A544A3DF796}.Debug|Mixed Platforms.ActiveCfg = Debug|x86
		{F2E4084F-3A4F-4A11-B6F7-1A544A3DF796}.Debug|Mixed Platforms.Build.0 = Debug|x86
		{F2E4084F-3A4F-4A11-B6F7-1A544A3DF796}.Debug|x86.ActiveCfg = Debug|x86
		{F2E4084F-3A4F-4A11-B6F7-1A544A3DF796}.Debug|x86.Build.0 = Debug|x86
		{F2E4084F-3A4F-4A11-B6F7-1A544A3DF796}.Release|Any CPU.ActiveCfg = Release|x86
		{F2E4084F-3A4F-4A11-B6F7-1A544A3DF796}.Release|Mixed Platforms.ActiveCfg = Release|x86
		{F2E4084F-3A4F-4A11-B6F7-1A544A3DF796}.Release|Mixed Platforms.Build.0 = Release|x86
		{F2E4084F-3A4F-4A11-B6F7-1A544A3DF796}.Release|x86.ActiveCfg = Release|x86
		{F2E4084F-3A4F-4A11-B6F7-1A544A3DF796}.Release|x86.Build.0 = Release|x86
		{2C3DBDB2-81AC-49BC-B77C-ED3958E18C39}.Debug|Any CPU.ActiveCfg = Debug|Any CPU
		{2C3DBDB2-81AC-49BC-B77C-ED3958E18C39}.Debug|Any CPU.Build.0 = Debug|Any CPU
		{2C3DBDB2-81AC-49BC-B77C-ED3958E18C39}.Debug|Mixed Platforms.ActiveCfg = Debug|Any CPU
		{2C3DBDB2-81AC-49BC-B77C-ED3958E18C39}.Debug|Mixed Platforms.Build.0 = Debug|Any CPU
		{2C3DBDB2-81AC-49BC-B77C-ED3958E18C39}.Debug|x86.ActiveCfg = Debug|Any CPU
		{2C3DBDB2-81AC-49BC-B77C-ED3958E18C39}.Release|Any CPU.ActiveCfg = Release|Any CPU
		{2C3DBDB2-81AC-49BC-B77C-ED3958E18C39}.Release|Any CPU.Build.0 = Release|Any CPU
		{2C3DBDB2-81AC-49BC-B77C-ED3958E18C39}.Release|Mixed Platforms.ActiveCfg = Release|Any CPU
		{2C3DBDB2-81AC-49BC-B77C-ED3958E18C39}.Release|Mixed Platforms.Build.0 = Release|Any CPU
		{2C3DBDB2-81AC-49BC-B77C-ED3958E18C39}.Release|x86.ActiveCfg = Release|Any CPU
	EndGlobalSection
	GlobalSection(SolutionProperties) = preSolution
		HideSolutionNode = FALSE
	EndGlobalSection
	GlobalSection(MonoDevelopProperties) = preSolution
		StartupItem = PackObjects\PackObjects_1.csproj
	EndGlobalSection
EndGlobal
